
Microsoft Visual Studio Solution File, Format Version 12.00
# Visual Studio 15
VisualStudioVersion = 15.0.27428.2015
MinimumVisualStudioVersion = 10.0.40219.1
Project("{FAE04EC0-301F-11D3-BF4B-00C04F79EFBC}") = "VisionApiDemo", "VisionApiDemo\VisionApiDemo.csproj", "{9B96AEA4-4C72-4C60-9DD8-592F3C481CA1}"
EndProject
Global
	GlobalSection(SolutionConfigurationPlatforms) = preSolution
		Debug|Any CPU = Debug|Any CPU
		Release|Any CPU = Release|Any CPU
	EndGlobalSection
	GlobalSection(ProjectConfigurationPlatforms) = postSolution
		{9B96AEA4-4C72-4C60-9DD8-592F3C481CA1}.Debug|Any CPU.ActiveCfg = Debug|Any CPU
		{9B96AEA4-4C72-4C60-9DD8-592F3C481CA1}.Debug|Any CPU.Build.0 = Debug|Any CPU
		{9B96AEA4-4C72-4C60-9DD8-592F3C481CA1}.Release|Any CPU.ActiveCfg = Release|Any CPU
		{9B96AEA4-4C72-4C60-9DD8-592F3C481CA1}.Release|Any CPU.Build.0 = Release|Any CPU
	EndGlobalSection
	GlobalSection(SolutionProperties) = preSolution
		HideSolutionNode = FALSE
	EndGlobalSection
	GlobalSection(ExtensibilityGlobals) = postSolution
		SolutionGuid = {1532E6FA-5C06-4144-8F6F-3B9638154245}
	EndGlobalSection
EndGlobal
